
Microsoft Visual Studio Solution File, Format Version 12.00
# Visual Studio Version 16
VisualStudioVersion = 16.0.31205.134
MinimumVisualStudioVersion = 10.0.40219.1
Project("{FAE04EC0-301F-11D3-BF4B-00C04F79EFBC}") = "Key Expansion", "Key Expansion\Key Expansion.csproj", "{70142239-D5A4-459E-9630-A183C02D3204}"
EndProject
Global
	GlobalSection(SolutionConfigurationPlatforms) = preSolution
		Debug|Any CPU = Debug|Any CPU
		Release|Any CPU = Release|Any CPU
	EndGlobalSection
	GlobalSection(ProjectConfigurationPlatforms) = postSolution
		{70142239-D5A4-459E-9630-A183C02D3204}.Debug|Any CPU.ActiveCfg = Debug|Any CPU
		{70142239-D5A4-459E-9630-A183C02D3204}.Debug|Any CPU.Build.0 = Debug|Any CPU
		{70142239-D5A4-459E-9630-A183C02D3204}.Release|Any CPU.ActiveCfg = Release|Any CPU
		{70142239-D5A4-459E-9630-A183C02D3204}.Release|Any CPU.Build.0 = Release|Any CPU
	EndGlobalSection
	GlobalSection(SolutionProperties) = preSolution
		HideSolutionNode = FALSE
	EndGlobalSection
	GlobalSection(ExtensibilityGlobals) = postSolution
		SolutionGuid = {4E3A28AC-7364-45B2-9446-BB627BA56383}
	EndGlobalSection
EndGlobal
